{
  "name": "static",
  "lockfileVersion": 2,
  "requires": true,
  "packages": {
    "": {
      "dependencies": {
        "xterm": "^4.16.0",
        "xterm-addon-attach": "^0.6.0",
        "xterm-addon-fit": "^0.5.0",
        "xterm-addon-unicode11": "^0.3.0"
      }
    },
    "node_modules/xterm": {
      "version": "4.16.0",
      "resolved": "https://registry.npmjs.org/xterm/-/xterm-4.16.0.tgz",
      "integrity": "sha512-nAbuigL9CYkI075mdfqpnB8cHZNKxENCj1CQ9Tm5gSvWkMtkanmRN2mkHGjSaET1/3+X9BqISFFo7Pd2mXVjiQ=="
    },
    "node_modules/xterm-addon-attach": {
      "version": "0.6.0",
      "resolved": "https://registry.npmjs.org/xterm-addon-attach/-/xterm-addon-attach-0.6.0.tgz",
      "integrity": "sha512-Mo8r3HTjI/EZfczVCwRU6jh438B4WLXxdFO86OB7bx0jGhwh2GdF4ifx/rP+OB+Cb2vmLhhVIZ00/7x3YSP3dg==",
      "peerDependencies": {
        "xterm": "^4.0.0"
      }
    },
    "node_modules/xterm-addon-fit": {
      "version": "0.5.0",
      "resolved": "https://registry.npmjs.org/xterm-addon-fit/-/xterm-addon-fit-0.5.0.tgz",
      "integrity": "sha512-DsS9fqhXHacEmsPxBJZvfj2la30Iz9xk+UKjhQgnYNkrUIN5CYLbw7WEfz117c7+S86S/tpHPfvNxJsF5/G8wQ==",
      "peerDependencies": {
        "xterm": "^4.0.0"
      }
    },
    "node_modules/xterm-addon-unicode11": {
      "version": "0.3.0",
      "resolved": "https://registry.npmjs.org/xterm-addon-unicode11/-/xterm-addon-unicode11-0.3.0.tgz",
      "integrity": "sha512-x5fHDZT2j9tlTlHnzPHt++9uKZ2kJ/lYQOj3L6xJA22xoJsS8UQRw/5YIFg2FUHqEAbV77Z1fZij/9NycMSH/A==",
      "peerDependencies": {
        "xterm": "^4.0.0"
      }
    }
  },
  "dependencies": {
    "xterm": {
      "version": "4.16.0",
      "resolved": "https://registry.npmjs.org/xterm/-/xterm-4.16.0.tgz",
      "integrity": "sha512-nAbuigL9CYkI075mdfqpnB8cHZNKxENCj1CQ9Tm5gSvWkMtkanmRN2mkHGjSaET1/3+X9BqISFFo7Pd2mXVjiQ=="
    },
    "xterm-addon-attach": {
      "version": "0.6.0",
      "resolved": "https://registry.npmjs.org/xterm-addon-attach/-/xterm-addon-attach-0.6.0.tgz",
      "integrity": "sha512-Mo8r3HTjI/EZfczVCwRU6jh438B4WLXxdFO86OB7bx0jGhwh2GdF4ifx/rP+OB+Cb2vmLhhVIZ00/7x3YSP3dg==",
      "requires": {}
    },
    "xterm-addon-fit": {
      "version": "0.5.0",
      "resolved": "https://registry.npmjs.org/xterm-addon-fit/-/xterm-addon-fit-0.5.0.tgz",
      "integrity": "sha512-DsS9fqhXHacEmsPxBJZvfj2la30Iz9xk+UKjhQgnYNkrUIN5CYLbw7WEfz117c7+S86S/tpHPfvNxJsF5/G8wQ==",
      "requires": {}
    },
    "xterm-addon-unicode11": {
      "version": "0.3.0",
      "resolved": "https://registry.npmjs.org/xterm-addon-unicode11/-/xterm-addon-unicode11-0.3.0.tgz",
      "integrity": "sha512-x5fHDZT2j9tlTlHnzPHt++9uKZ2kJ/lYQOj3L6xJA22xoJsS8UQRw/5YIFg2FUHqEAbV77Z1fZij/9NycMSH/A==",
      "requires": {}
    }
  }
}
